{
  "name": "tipster-root",
  "lockfileVersion": 3,
  "requires": true,
  "packages": {
    "": {
      "name": "tipster-root",
      "workspaces": [
        "backend",
        "frontend",
        "telegram-bot"
      ]
    },
    "backend": {
      "version": "1.0.0",
      "license": "ISC"
    },
    "frontend": {
      "version": "1.0.0",
      "license": "ISC"
    },
    "node_modules/backend": {
      "resolved": "backend",
      "link": true
    },
    "node_modules/frontend": {
      "resolved": "frontend",
      "link": true
    },
    "node_modules/telegram-bot": {
      "resolved": "telegram-bot",
      "link": true
    },
    "telegram-bot": {
      "version": "1.0.0",
      "license": "ISC"
    }
  }
}
